
Microsoft Visual Studio Solution File, Format Version 12.00
# Visual Studio Version 17
VisualStudioVersion = 17.0.32112.339
MinimumVisualStudioVersion = 10.0.40219.1
Project("{9A19103F-16F7-4668-BE54-9A1E7A4F7556}") = "Fenrir13", "Fenrir13\Fenrir13.csproj", "{44D0EBE3-BF57-4348-8605-90BE0EE419E6}"
EndProject
Project("{54435603-DBB4-11D2-8724-00A0C9A8B90C}") = "Fenrir13Setup", "Fenrir13Setup\Fenrir13Setup.vdproj", "{C82AAADD-AA95-4DC4-8B65-1D7FD98EE5E2}"
EndProject
Global
	GlobalSection(SolutionConfigurationPlatforms) = preSolution
		Debug|Any CPU = Debug|Any CPU
		Release|Any CPU = Release|Any CPU
	EndGlobalSection
	GlobalSection(ProjectConfigurationPlatforms) = postSolution
		{44D0EBE3-BF57-4348-8605-90BE0EE419E6}.Debug|Any CPU.ActiveCfg = Debug|Any CPU
		{44D0EBE3-BF57-4348-8605-90BE0EE419E6}.Debug|Any CPU.Build.0 = Debug|Any CPU
		{44D0EBE3-BF57-4348-8605-90BE0EE419E6}.Release|Any CPU.ActiveCfg = Release|Any CPU
		{44D0EBE3-BF57-4348-8605-90BE0EE419E6}.Release|Any CPU.Build.0 = Release|Any CPU
		{C82AAADD-AA95-4DC4-8B65-1D7FD98EE5E2}.Debug|Any CPU.ActiveCfg = Debug
		{C82AAADD-AA95-4DC4-8B65-1D7FD98EE5E2}.Release|Any CPU.ActiveCfg = Release
	EndGlobalSection
	GlobalSection(SolutionProperties) = preSolution
		HideSolutionNode = FALSE
	EndGlobalSection
	GlobalSection(ExtensibilityGlobals) = postSolution
		SolutionGuid = {632AD428-7EC8-4751-BCD0-EAC2EB805CDB}
	EndGlobalSection
EndGlobal
